
Microsoft Visual Studio Solution File, Format Version 12.00
# Visual Studio Version 17
VisualStudioVersion = 17.3.32819.101
MinimumVisualStudioVersion = 10.0.40219.1
Project("{9A19103F-16F7-4668-BE54-9A1E7A4F7556}") = "RealEstateAPI", "RealEstateAPI\RealEstateAPI.csproj", "{58AF316B-98ED-4189-896D-CEA8E48FF983}"
EndProject
Project("{FAE04EC0-301F-11D3-BF4B-00C04F79EFBC}") = "RealEstateTests", "RealEstateTests\RealEstateTests.csproj", "{A393BB0C-D003-4E87-80AA-C55631E6AC1C}"
EndProject
Global
	GlobalSection(SolutionConfigurationPlatforms) = preSolution
		Debug|Any CPU = Debug|Any CPU
		Release|Any CPU = Release|Any CPU
	EndGlobalSection
	GlobalSection(ProjectConfigurationPlatforms) = postSolution
		{58AF316B-98ED-4189-896D-CEA8E48FF983}.Debug|Any CPU.ActiveCfg = Debug|Any CPU
		{58AF316B-98ED-4189-896D-CEA8E48FF983}.Debug|Any CPU.Build.0 = Debug|Any CPU
		{58AF316B-98ED-4189-896D-CEA8E48FF983}.Release|Any CPU.ActiveCfg = Release|Any CPU
		{58AF316B-98ED-4189-896D-CEA8E48FF983}.Release|Any CPU.Build.0 = Release|Any CPU
		{A393BB0C-D003-4E87-80AA-C55631E6AC1C}.Debug|Any CPU.ActiveCfg = Debug|Any CPU
		{A393BB0C-D003-4E87-80AA-C55631E6AC1C}.Debug|Any CPU.Build.0 = Debug|Any CPU
		{A393BB0C-D003-4E87-80AA-C55631E6AC1C}.Release|Any CPU.ActiveCfg = Release|Any CPU
		{A393BB0C-D003-4E87-80AA-C55631E6AC1C}.Release|Any CPU.Build.0 = Release|Any CPU
	EndGlobalSection
	GlobalSection(SolutionProperties) = preSolution
		HideSolutionNode = FALSE
	EndGlobalSection
	GlobalSection(ExtensibilityGlobals) = postSolution
		SolutionGuid = {C648805A-6E2A-4FA6-A35D-5666AE5FDC5A}
	EndGlobalSection
EndGlobal
